
Microsoft Visual Studio Solution File, Format Version 12.00
# Visual Studio Version 17
VisualStudioVersion = 17.4.33403.182
MinimumVisualStudioVersion = 10.0.40219.1
Project("{FAE04EC0-301F-11D3-BF4B-00C04F79EFBC}") = "Lista6PR2Kaua_", "Lista6PR2Kaua_\Lista6PR2Kaua_.csproj", "{A5DB70BB-2094-47D2-B3A3-845DC6D95130}"
EndProject
Global
	GlobalSection(SolutionConfigurationPlatforms) = preSolution
		Debug|Any CPU = Debug|Any CPU
		Release|Any CPU = Release|Any CPU
	EndGlobalSection
	GlobalSection(ProjectConfigurationPlatforms) = postSolution
		{A5DB70BB-2094-47D2-B3A3-845DC6D95130}.Debug|Any CPU.ActiveCfg = Debug|Any CPU
		{A5DB70BB-2094-47D2-B3A3-845DC6D95130}.Debug|Any CPU.Build.0 = Debug|Any CPU
		{A5DB70BB-2094-47D2-B3A3-845DC6D95130}.Release|Any CPU.ActiveCfg = Release|Any CPU
		{A5DB70BB-2094-47D2-B3A3-845DC6D95130}.Release|Any CPU.Build.0 = Release|Any CPU
	EndGlobalSection
	GlobalSection(SolutionProperties) = preSolution
		HideSolutionNode = FALSE
	EndGlobalSection
	GlobalSection(ExtensibilityGlobals) = postSolution
		SolutionGuid = {E3D38058-C161-42ED-825A-BADF307F30EA}
	EndGlobalSection
EndGlobal
